// !$*UTF8*$!
{
	archiveVersion = 1;
	classes = {
	};
	objectVersion = 46;
	objects = {

/* Begin PBXBuildFile section */
		4D3B842F1D052FBD00E123F6 /* AppDelegate.swift in Sources */ = {isa = PBXBuildFile; fileRef = 4D3B842E1D052FBD00E123F6 /* AppDelegate.swift */; };
		4D3B84311D052FBD00E123F6 /* ViewController.swift in Sources */ = {isa = PBXBuildFile; fileRef = 4D3B84301D052FBD00E123F6 /* ViewController.swift */; };
		4D3B84341D052FBD00E123F6 /* Main.storyboard in Resources */ = {isa = PBXBuildFile; fileRef = 4D3B84321D052FBD00E123F6 /* Main.storyboard */; };
		4D3B84371D052FBD00E123F6 /* SwiftyBlurDemo.xcdatamodeld in Sources */ = {isa = PBXBuildFile; fileRef = 4D3B84351D052FBD00E123F6 /* SwiftyBlurDemo.xcdatamodeld */; };
		4D3B84391D052FBD00E123F6 /* Assets.xcassets in Resources */ = {isa = PBXBuildFile; fileRef = 4D3B84381D052FBD00E123F6 /* Assets.xcassets */; };
		4D3B843C1D052FBD00E123F6 /* LaunchScreen.storyboard in Resources */ = {isa = PBXBuildFile; fileRef = 4D3B843A1D052FBD00E123F6 /* LaunchScreen.storyboard */; };
		4D3B84471D052FBD00E123F6 /* SwiftyBlurDemoTests.swift in Sources */ = {isa = PBXBuildFile; fileRef = 4D3B84461D052FBD00E123F6 /* SwiftyBlurDemoTests.swift */; };
		4D3B84521D052FBD00E123F6 /* SwiftyBlurDemoUITests.swift in Sources */ = {isa = PBXBuildFile; fileRef = 4D3B84511D052FBD00E123F6 /* SwiftyBlurDemoUITests.swift */; };
		4D3B84621D052FDA00E123F6 /* UIViewMotionBlurExtension.swift in Sources */ = {isa = PBXBuildFile; fileRef = 4D3B845F1D052FDA00E123F6 /* UIViewMotionBlurExtension.swift */; };
		4D3B84631D052FDA00E123F6 /* SwiftyBlurFilter.swift in Sources */ = {isa = PBXBuildFile; fileRef = 4D3B84601D052FDA00E123F6 /* SwiftyBlurFilter.swift */; };
		4D3B84641D052FDA00E123F6 /* CIFilterExtensions.swift in Sources */ = {isa = PBXBuildFile; fileRef = 4D3B84611D052FDA00E123F6 /* CIFilterExtensions.swift */; };
/* End PBXBuildFile section */

/* Begin PBXContainerItemProxy section */
		4D3B84431D052FBD00E123F6 /* PBXContainerItemProxy */ = {
			isa = PBXContainerItemProxy;
			containerPortal = 4D3B84231D052FBD00E123F6 /* Project object */;
			proxyType = 1;
			remoteGlobalIDString = 4D3B842A1D052FBD00E123F6;
			remoteInfo = SwiftyBlurDemo;
		};
		4D3B844E1D052FBD00E123F6 /* PBXContainerItemProxy */ = {
			isa = PBXContainerItemProxy;
			containerPortal = 4D3B84231D052FBD00E123F6 /* Project object */;
			proxyType = 1;
			remoteGlobalIDString = 4D3B842A1D052FBD00E123F6;
			remoteInfo = SwiftyBlurDemo;
		};
/* End PBXContainerItemProxy section */

/* Begin PBXFileReference section */
		4D3B842B1D052FBD00E123F6 /* SwiftyBlurDemo.app */ = {isa = PBXFileReference; explicitFileType = wrapper.application; includeInIndex = 0; path = SwiftyBlurDemo.app; sourceTree = BUILT_PRODUCTS_DIR; };
		4D3B842E1D052FBD00E123F6 /* AppDelegate.swift */ = {isa = PBXFileReference; lastKnownFileType = sourcecode.swift; path = AppDelegate.swift; sourceTree = "<group>"; };
		4D3B84301D052FBD00E123F6 /* ViewController.swift */ = {isa = PBXFileReference; lastKnownFileType = sourcecode.swift; path = ViewController.swift; sourceTree = "<group>"; };
		4D3B84331D052FBD00E123F6 /* Base */ = {isa = PBXFileReference; lastKnownFileType = file.storyboard; name = Base; path = Base.lproj/Main.storyboard; sourceTree = "<group>"; };
		4D3B84361D052FBD00E123F6 /* SwiftyBlurDemo.xcdatamodel */ = {isa = PBXFileReference; lastKnownFileType = wrapper.xcdatamodel; path = SwiftyBlurDemo.xcdatamodel; sourceTree = "<group>"; };
		4D3B84381D052FBD00E123F6 /* Assets.xcassets */ = {isa = PBXFileReference; lastKnownFileType = folder.assetcatalog; path = Assets.xcassets; sourceTree = "<group>"; };
		4D3B843B1D052FBD00E123F6 /* Base */ = {isa = PBXFileReference; lastKnownFileType = file.storyboard; name = Base; path = Base.lproj/LaunchScreen.storyboard; sourceTree = "<group>"; };
		4D3B843D1D052FBD00E123F6 /* Info.plist */ = {isa = PBXFileReference; lastKnownFileType = text.plist.xml; path = Info.plist; sourceTree = "<group>"; };
		4D3B84421D052FBD00E123F6 /* SwiftyBlurDemoTests.xctest */ = {isa = PBXFileReference; explicitFileType = wrapper.cfbundle; includeInIndex = 0; path = SwiftyBlurDemoTests.xctest; sourceTree = BUILT_PRODUCTS_DIR; };
		4D3B84461D052FBD00E123F6 /* SwiftyBlurDemoTests.swift */ = {isa = PBXFileReference; lastKnownFileType = sourcecode.swift; path = SwiftyBlurDemoTests.swift; sourceTree = "<group>"; };
		4D3B84481D052FBD00E123F6 /* Info.plist */ = {isa = PBXFileReference; lastKnownFileType = text.plist.xml; path = Info.plist; sourceTree = "<group>"; };
		4D3B844D1D052FBD00E123F6 /* SwiftyBlurDemoUITests.xctest */ = {isa = PBXFileReference; explicitFileType = wrapper.cfbundle; includeInIndex = 0; path = SwiftyBlurDemoUITests.xctest; sourceTree = BUILT_PRODUCTS_DIR; };
		4D3B84511D052FBD00E123F6 /* SwiftyBlurDemoUITests.swift */ = {isa = PBXFileReference; lastKnownFileType = sourcecode.swift; path = SwiftyBlurDemoUITests.swift; sourceTree = "<group>"; };
		4D3B84531D052FBD00E123F6 /* Info.plist */ = {isa = PBXFileReference; lastKnownFileType = text.plist.xml; path = Info.plist; sourceTree = "<group>"; };
		4D3B845F1D052FDA00E123F6 /* UIViewMotionBlurExtension.swift */ = {isa = PBXFileReference; fileEncoding = 4; lastKnownFileType = sourcecode.swift; path = UIViewMotionBlurExtension.swift; sourceTree = "<group>"; };
		4D3B84601D052FDA00E123F6 /* SwiftyBlurFilter.swift */ = {isa = PBXFileReference; fileEncoding = 4; lastKnownFileType = sourcecode.swift; path = SwiftyBlurFilter.swift; sourceTree = "<group>"; };
		4D3B84611D052FDA00E123F6 /* CIFilterExtensions.swift */ = {isa = PBXFileReference; fileEncoding = 4; lastKnownFileType = sourcecode.swift; path = CIFilterExtensions.swift; sourceTree = "<group>"; };
/* End PBXFileReference section */

/* Begin PBXFrameworksBuildPhase section */
		4D3B84281D052FBD00E123F6 /* Frameworks */ = {
			isa = PBXFrameworksBuildPhase;
			buildActionMask = 2147483647;
			files = (
			);
			runOnlyForDeploymentPostprocessing = 0;
		};
		4D3B843F1D052FBD00E123F6 /* Frameworks */ = {
			isa = PBXFrameworksBuildPhase;
			buildActionMask = 2147483647;
			files = (
			);
			runOnlyForDeploymentPostprocessing = 0;
		};
		4D3B844A1D052FBD00E123F6 /* Frameworks */ = {
			isa = PBXFrameworksBuildPhase;
			buildActionMask = 2147483647;
			files = (
			);
			runOnlyForDeploymentPostprocessing = 0;
		};
/* End PBXFrameworksBuildPhase section */

/* Begin PBXGroup section */
		4D3B84221D052FBD00E123F6 = {
			isa = PBXGroup;
			children = (
				4D3B842D1D052FBD00E123F6 /* SwiftyBlurDemo */,
				4D3B84451D052FBD00E123F6 /* SwiftyBlurDemoTests */,
				4D3B84501D052FBD00E123F6 /* SwiftyBlurDemoUITests */,
				4D3B842C1D052FBD00E123F6 /* Products */,
			);
			sourceTree = "<group>";
		};
		4D3B842C1D052FBD00E123F6 /* Products */ = {
			isa = PBXGroup;
			children = (
				4D3B842B1D052FBD00E123F6 /* SwiftyBlurDemo.app */,
				4D3B84421D052FBD00E123F6 /* SwiftyBlurDemoTests.xctest */,
				4D3B844D1D052FBD00E123F6 /* SwiftyBlurDemoUITests.xctest */,
			);
			name = Products;
			sourceTree = "<group>";
		};
		4D3B842D1D052FBD00E123F6 /* SwiftyBlurDemo */ = {
			isa = PBXGroup;
			children = (
				4D3B84651D052FDD00E123F6 /* SwiftyBlur */,
				4D3B842E1D052FBD00E123F6 /* AppDelegate.swift */,
				4D3B84301D052FBD00E123F6 /* ViewController.swift */,
				4D3B84321D052FBD00E123F6 /* Main.storyboard */,
				4D3B84381D052FBD00E123F6 /* Assets.xcassets */,
				4D3B843A1D052FBD00E123F6 /* LaunchScreen.storyboard */,
				4D3B843D1D052FBD00E123F6 /* Info.plist */,
				4D3B84351D052FBD00E123F6 /* SwiftyBlurDemo.xcdatamodeld */,
			);
			path = SwiftyBlurDemo;
			sourceTree = "<group>";
		};
		4D3B84451D052FBD00E123F6 /* SwiftyBlurDemoTests */ = {
			isa = PBXGroup;
			children = (
				4D3B84461D052FBD00E123F6 /* SwiftyBlurDemoTests.swift */,
				4D3B84481D052FBD00E123F6 /* Info.plist */,
			);
			path = SwiftyBlurDemoTests;
			sourceTree = "<group>";
		};
		4D3B84501D052FBD00E123F6 /* SwiftyBlurDemoUITests */ = {
			isa = PBXGroup;
			children = (
				4D3B84511D052FBD00E123F6 /* SwiftyBlurDemoUITests.swift */,
				4D3B84531D052FBD00E123F6 /* Info.plist */,
			);
			path = SwiftyBlurDemoUITests;
			sourceTree = "<group>";
		};
		4D3B84651D052FDD00E123F6 /* SwiftyBlur */ = {
			isa = PBXGroup;
			children = (
				4D3B845F1D052FDA00E123F6 /* UIViewMotionBlurExtension.swift */,
				4D3B84601D052FDA00E123F6 /* SwiftyBlurFilter.swift */,
				4D3B84611D052FDA00E123F6 /* CIFilterExtensions.swift */,
			);
			name = SwiftyBlur;
			sourceTree = "<group>";
		};
/* End PBXGroup section */

/* Begin PBXNativeTarget section */
		4D3B842A1D052FBD00E123F6 /* SwiftyBlurDemo */ = {
			isa = PBXNativeTarget;
			buildConfigurationList = 4D3B84561D052FBD00E123F6 /* Build configuration list for PBXNativeTarget "SwiftyBlurDemo" */;
			buildPhases = (
				4D3B84271D052FBD00E123F6 /* Sources */,
				4D3B84281D052FBD00E123F6 /* Frameworks */,
				4D3B84291D052FBD00E123F6 /* Resources */,
			);
			buildRules = (
			);
			dependencies = (
			);
			name = SwiftyBlurDemo;
			productName = SwiftyBlurDemo;
			productReference = 4D3B842B1D052FBD00E123F6 /* SwiftyBlurDemo.app */;
			productType = "com.apple.product-type.application";
		};
		4D3B84411D052FBD00E123F6 /* SwiftyBlurDemoTests */ = {
			isa = PBXNativeTarget;
			buildConfigurationList = 4D3B84591D052FBD00E123F6 /* Build configuration list for PBXNativeTarget "SwiftyBlurDemoTests" */;
			buildPhases = (
				4D3B843E1D052FBD00E123F6 /* Sources */,
				4D3B843F1D052FBD00E123F6 /* Frameworks */,
				4D3B84401D052FBD00E123F6 /* Resources */,
			);
			buildRules = (
			);
			dependencies = (
				4D3B84441D052FBD00E123F6 /* PBXTargetDependency */,
			);
			name = SwiftyBlurDemoTests;
			productName = SwiftyBlurDemoTests;
			productReference = 4D3B84421D052FBD00E123F6 /* SwiftyBlurDemoTests.xctest */;
			productType = "com.apple.product-type.bundle.unit-test";
		};
		4D3B844C1D052FBD00E123F6 /* SwiftyBlurDemoUITests */ = {
			isa = PBXNativeTarget;
			buildConfigurationList = 4D3B845C1D052FBD00E123F6 /* Build configuration list for PBXNativeTarget "SwiftyBlurDemoUITests" */;
			buildPhases = (
				4D3B84491D052FBD00E123F6 /* Sources */,
				4D3B844A1D052FBD00E123F6 /* Frameworks */,
				4D3B844B1D052FBD00E123F6 /* Resources */,
			);
			buildRules = (
			);
			dependencies = (
				4D3B844F1D052FBD00E123F6 /* PBXTargetDependency */,
			);
			name = SwiftyBlurDemoUITests;
			productName = SwiftyBlurDemoUITests;
			productReference = 4D3B844D1D052FBD00E123F6 /* SwiftyBlurDemoUITests.xctest */;
			productType = "com.apple.product-type.bundle.ui-testing";
		};
/* End PBXNativeTarget section */

/* Begin PBXProject section */
		4D3B84231D052FBD00E123F6 /* Project object */ = {
			isa = PBXProject;
			attributes = {
				LastSwiftUpdateCheck = 0730;
				LastUpgradeCheck = 0730;
				ORGANIZATIONNAME = dryverless;
				TargetAttributes = {
					4D3B842A1D052FBD00E123F6 = {
						CreatedOnToolsVersion = 7.3.1;
					};
					4D3B84411D052FBD00E123F6 = {
						CreatedOnToolsVersion = 7.3.1;
						TestTargetID = 4D3B842A1D052FBD00E123F6;
					};
					4D3B844C1D052FBD00E123F6 = {
						CreatedOnToolsVersion = 7.3.1;
						TestTargetID = 4D3B842A1D052FBD00E123F6;
					};
				};
			};
			buildConfigurationList = 4D3B84261D052FBD00E123F6 /* Build configuration list for PBXProject "SwiftyBlurDemo" */;
			compatibilityVersion = "Xcode 3.2";
			developmentRegion = English;
			hasScannedForEncodings = 0;
			knownRegions = (
				en,
				Base,
			);
			mainGroup = 4D3B84221D052FBD00E123F6;
			productRefGroup = 4D3B842C1D052FBD00E123F6 /* Products */;
			projectDirPath = "";
			projectRoot = "";
			targets = (
				4D3B842A1D052FBD00E123F6 /* SwiftyBlurDemo */,
				4D3B84411D052FBD00E123F6 /* SwiftyBlurDemoTests */,
				4D3B844C1D052FBD00E123F6 /* SwiftyBlurDemoUITests */,
			);
		};
/* End PBXProject section */

/* Begin PBXResourcesBuildPhase section */
		4D3B84291D052FBD00E123F6 /* Resources */ = {
			isa = PBXResourcesBuildPhase;
			buildActionMask = 2147483647;
			files = (
				4D3B843C1D052FBD00E123F6 /* LaunchScreen.storyboard in Resources */,
				4D3B84391D052FBD00E123F6 /* Assets.xcassets in Resources */,
				4D3B84341D052FBD00E123F6 /* Main.storyboard in Resources */,
			);
			runOnlyForDeploymentPostprocessing = 0;
		};
		4D3B84401D052FBD00E123F6 /* Resources */ = {
			isa = PBXResourcesBuildPhase;
			buildActionMask = 2147483647;
			files = (
			);
			runOnlyForDeploymentPostprocessing = 0;
		};
		4D3B844B1D052FBD00E123F6 /* Resources */ = {
			isa = PBXResourcesBuildPhase;
			buildActionMask = 2147483647;
			files = (
			);
			runOnlyForDeploymentPostprocessing = 0;
		};
/* End PBXResourcesBuildPhase section */

/* Begin PBXSourcesBuildPhase section */
		4D3B84271D052FBD00E123F6 /* Sources */ = {
			isa = PBXSourcesBuildPhase;
			buildActionMask = 2147483647;
			files = (
				4D3B84631D052FDA00E123F6 /* SwiftyBlurFilter.swift in Sources */,
				4D3B84641D052FDA00E123F6 /* CIFilterExtensions.swift in Sources */,
				4D3B84371D052FBD00E123F6 /* SwiftyBlurDemo.xcdatamodeld in Sources */,
				4D3B84311D052FBD00E123F6 /* ViewController.swift in Sources */,
				4D3B842F1D052FBD00E123F6 /* AppDelegate.swift in Sources */,
				4D3B84621D052FDA00E123F6 /* UIViewMotionBlurExtension.swift in Sources */,
			);
			runOnlyForDeploymentPostprocessing = 0;
		};
		4D3B843E1D052FBD00E123F6 /* Sources */ = {
			isa = PBXSourcesBuildPhase;
			buildActionMask = 2147483647;
			files = (
				4D3B84471D052FBD00E123F6 /* SwiftyBlurDemoTests.swift in Sources */,
			);
			runOnlyForDeploymentPostprocessing = 0;
		};
		4D3B84491D052FBD00E123F6 /* Sources */ = {
			isa = PBXSourcesBuildPhase;
			buildActionMask = 2147483647;
			files = (
				4D3B84521D052FBD00E123F6 /* SwiftyBlurDemoUITests.swift in Sources */,
			);
			runOnlyForDeploymentPostprocessing = 0;
		};
/* End PBXSourcesBuildPhase section */

/* Begin PBXTargetDependency section */
		4D3B84441D052FBD00E123F6 /* PBXTargetDependency */ = {
			isa = PBXTargetDependency;
			target = 4D3B842A1D052FBD00E123F6 /* SwiftyBlurDemo */;
			targetProxy = 4D3B84431D052FBD00E123F6 /* PBXContainerItemProxy */;
		};
		4D3B844F1D052FBD00E123F6 /* PBXTargetDependency */ = {
			isa = PBXTargetDependency;
			target = 4D3B842A1D052FBD00E123F6 /* SwiftyBlurDemo */;
			targetProxy = 4D3B844E1D052FBD00E123F6 /* PBXContainerItemProxy */;
		};
/* End PBXTargetDependency section */

/* Begin PBXVariantGroup section */
		4D3B84321D052FBD00E123F6 /* Main.storyboard */ = {
			isa = PBXVariantGroup;
			children = (
				4D3B84331D052FBD00E123F6 /* Base */,
			);
			name = Main.storyboard;
			sourceTree = "<group>";
		};
		4D3B843A1D052FBD00E123F6 /* LaunchScreen.storyboard */ = {
			isa = PBXVariantGroup;
			children = (
				4D3B843B1D052FBD00E123F6 /* Base */,
			);
			name = LaunchScreen.storyboard;
			sourceTree = "<group>";
		};
/* End PBXVariantGroup section */

/* Begin XCBuildConfiguration section */
		4D3B84541D052FBD00E123F6 /* Debug */ = {
			isa = XCBuildConfiguration;
			buildSettings = {
				ALWAYS_SEARCH_USER_PATHS = NO;
				CLANG_ANALYZER_NONNULL = YES;
				CLANG_CXX_LANGUAGE_STANDARD = "gnu++0x";
				CLANG_CXX_LIBRARY = "libc++";
				CLANG_ENABLE_MODULES = YES;
				CLANG_ENABLE_OBJC_ARC = YES;
				CLANG_WARN_BOOL_CONVERSION = YES;
				CLANG_WARN_CONSTANT_CONVERSION = YES;
				CLANG_WARN_DIRECT_OBJC_ISA_USAGE = YES_ERROR;
				CLANG_WARN_EMPTY_BODY = YES;
				CLANG_WARN_ENUM_CONVERSION = YES;
				CLANG_WARN_INT_CONVERSION = YES;
				CLANG_WARN_OBJC_ROOT_CLASS = YES_ERROR;
				CLANG_WARN_UNREACHABLE_CODE = YES;
				CLANG_WARN__DUPLICATE_METHOD_MATCH = YES;
				"CODE_SIGN_IDENTITY[sdk=iphoneos*]" = "iPhone Developer";
				COPY_PHASE_STRIP = NO;
				DEBUG_INFORMATION_FORMAT = dwarf;
				ENABLE_STRICT_OBJC_MSGSEND = YES;
				ENABLE_TESTABILITY = YES;
				GCC_C_LANGUAGE_STANDARD = gnu99;
				GCC_DYNAMIC_NO_PIC = NO;
				GCC_NO_COMMON_BLOCKS = YES;
				GCC_OPTIMIZATION_LEVEL = 0;
				GCC_PREPROCESSOR_DEFINITIONS = (
					"DEBUG=1",
					"$(inherited)",
				);
				GCC_WARN_64_TO_32_BIT_CONVERSION = YES;
				GCC_WARN_ABOUT_RETURN_TYPE = YES_ERROR;
				GCC_WARN_UNDECLARED_SELECTOR = YES;
				GCC_WARN_UNINITIALIZED_AUTOS = YES_AGGRESSIVE;
				GCC_WARN_UNUSED_FUNCTION = YES;
				GCC_WARN_UNUSED_VARIABLE = YES;
				IPHONEOS_DEPLOYMENT_TARGET = 9.3;
				MTL_ENABLE_DEBUG_INFO = YES;
				ONLY_ACTIVE_ARCH = YES;
				SDKROOT = iphoneos;
				SWIFT_OPTIMIZATION_LEVEL = "-Onone";
				TARGETED_DEVICE_FAMILY = "1,2";
			};
			name = Debug;
		};
		4D3B84551D052FBD00E123F6 /* Release */ = {
			isa = XCBuildConfiguration;
			buildSettings = {
				ALWAYS_SEARCH_USER_PATHS = NO;
				CLANG_ANALYZER_NONNULL = YES;
				CLANG_CXX_LANGUAGE_STANDARD = "gnu++0x";
				CLANG_CXX_LIBRARY = "libc++";
				CLANG_ENABLE_MODULES = YES;
				CLANG_ENABLE_OBJC_ARC = YES;
				CLANG_WARN_BOOL_CONVERSION = YES;
				CLANG_WARN_CONSTANT_CONVERSION = YES;
				CLANG_WARN_DIRECT_OBJC_ISA_USAGE = YES_ERROR;
				CLANG_WARN_EMPTY_BODY = YES;
				CLANG_WARN_ENUM_CONVERSION = YES;
				CLANG_WARN_INT_CONVERSION = YES;
				CLANG_WARN_OBJC_ROOT_CLASS = YES_ERROR;
				CLANG_WARN_UNREACHABLE_CODE = YES;
				CLANG_WARN__DUPLICATE_METHOD_MATCH = YES;
				"CODE_SIGN_IDENTITY[sdk=iphoneos*]" = "iPhone Developer";
				COPY_PHASE_STRIP = NO;
				DEBUG_INFORMATION_FORMAT = "dwarf-with-dsym";
				ENABLE_NS_ASSERTIONS = NO;
				ENABLE_STRICT_OBJC_MSGSEND = YES;
				GCC_C_LANGUAGE_STANDARD = gnu99;
				GCC_NO_COMMON_BLOCKS = YES;
				GCC_WARN_64_TO_32_BIT_CONVERSION = YES;
				GCC_WARN_ABOUT_RETURN_TYPE = YES_ERROR;
				GCC_WARN_UNDECLARED_SELECTOR = YES;
				GCC_WARN_UNINITIALIZED_AUTOS = YES_AGGRESSIVE;
				GCC_WARN_UNUSED_FUNCTION = YES;
				GCC_WARN_UNUSED_VARIABLE = YES;
				IPHONEOS_DEPLOYMENT_TARGET = 9.3;
				MTL_ENABLE_DEBUG_INFO = NO;
				SDKROOT = iphoneos;
				TARGETED_DEVICE_FAMILY = "1,2";
				VALIDATE_PRODUCT = YES;
			};
			name = Release;
		};
		4D3B84571D052FBD00E123F6 /* Debug */ = {
			isa = XCBuildConfiguration;
			buildSettings = {
				ASSETCATALOG_COMPILER_APPICON_NAME = AppIcon;
				INFOPLIST_FILE = SwiftyBlurDemo/Info.plist;
				LD_RUNPATH_SEARCH_PATHS = "$(inherited) @executable_path/Frameworks";
				PRODUCT_BUNDLE_IDENTIFIER = com.dryverless.SwiftyBlurDemo;
				PRODUCT_NAME = "$(TARGET_NAME)";
			};
			name = Debug;
		};
		4D3B84581D052FBD00E123F6 /* Release */ = {
			isa = XCBuildConfiguration;
			buildSettings = {
				ASSETCATALOG_COMPILER_APPICON_NAME = AppIcon;
				INFOPLIST_FILE = SwiftyBlurDemo/Info.plist;
				LD_RUNPATH_SEARCH_PATHS = "$(inherited) @executable_path/Frameworks";
				PRODUCT_BUNDLE_IDENTIFIER = com.dryverless.SwiftyBlurDemo;
				PRODUCT_NAME = "$(TARGET_NAME)";
			};
			name = Release;
		};
		4D3B845A1D052FBD00E123F6 /* Debug */ = {
			isa = XCBuildConfiguration;
			buildSettings = {
				BUNDLE_LOADER = "$(TEST_HOST)";
				INFOPLIST_FILE = SwiftyBlurDemoTests/Info.plist;
				LD_RUNPATH_SEARCH_PATHS = "$(inherited) @executable_path/Frameworks @loader_path/Frameworks";
				PRODUCT_BUNDLE_IDENTIFIER = com.dryverless.SwiftyBlurDemoTests;
				PRODUCT_NAME = "$(TARGET_NAME)";
				TEST_HOST = "$(BUILT_PRODUCTS_DIR)/SwiftyBlurDemo.app/SwiftyBlurDemo";
			};
			name = Debug;
		};
		4D3B845B1D052FBD00E123F6 /* Release */ = {
			isa = XCBuildConfiguration;
			buildSettings = {
				BUNDLE_LOADER = "$(TEST_HOST)";
				INFOPLIST_FILE = SwiftyBlurDemoTests/Info.plist;
				LD_RUNPATH_SEARCH_PATHS = "$(inherited) @executable_path/Frameworks @loader_path/Frameworks";
				PRODUCT_BUNDLE_IDENTIFIER = com.dryverless.SwiftyBlurDemoTests;
				PRODUCT_NAME = "$(TARGET_NAME)";
				TEST_HOST = "$(BUILT_PRODUCTS_DIR)/SwiftyBlurDemo.app/SwiftyBlurDemo";
			};
			name = Release;
		};
		4D3B845D1D052FBD00E123F6 /* Debug */ = {
			isa = XCBuildConfiguration;
			buildSettings = {
				INFOPLIST_FILE = SwiftyBlurDemoUITests/Info.plist;
				LD_RUNPATH_SEARCH_PATHS = "$(inherited) @executable_path/Frameworks @loader_path/Frameworks";
				PRODUCT_BUNDLE_IDENTIFIER = com.dryverless.SwiftyBlurDemoUITests;
				PRODUCT_NAME = "$(TARGET_NAME)";
				TEST_TARGET_NAME = SwiftyBlurDemo;
			};
			name = Debug;
		};
		4D3B845E1D052FBD00E123F6 /* Release */ = {
			isa = XCBuildConfiguration;
			buildSettings = {
				INFOPLIST_FILE = SwiftyBlurDemoUITests/Info.plist;
				LD_RUNPATH_SEARCH_PATHS = "$(inherited) @executable_path/Frameworks @loader_path/Frameworks";
				PRODUCT_BUNDLE_IDENTIFIER = com.dryverless.SwiftyBlurDemoUITests;
				PRODUCT_NAME = "$(TARGET_NAME)";
				TEST_TARGET_NAME = SwiftyBlurDemo;
			};
			name = Release;
		};
/* End XCBuildConfiguration section */

/* Begin XCConfigurationList section */
		4D3B84261D052FBD00E123F6 /* Build configuration list for PBXProject "SwiftyBlurDemo" */ = {
			isa = XCConfigurationList;
			buildConfigurations = (
				4D3B84541D052FBD00E123F6 /* Debug */,
				4D3B84551D052FBD00E123F6 /* Release */,
			);
			defaultConfigurationIsVisible = 0;
			defaultConfigurationName = Release;
		};
		4D3B84561D052FBD00E123F6 /* Build configuration list for PBXNativeTarget "SwiftyBlurDemo" */ = {
			isa = XCConfigurationList;
			buildConfigurations = (
				4D3B84571D052FBD00E123F6 /* Debug */,
				4D3B84581D052FBD00E123F6 /* Release */,
			);
			defaultConfigurationIsVisible = 0;
		};
		4D3B84591D052FBD00E123F6 /* Build configuration list for PBXNativeTarget "SwiftyBlurDemoTests" */ = {
			isa = XCConfigurationList;
			buildConfigurations = (
				4D3B845A1D052FBD00E123F6 /* Debug */,
				4D3B845B1D052FBD00E123F6 /* Release */,
			);
			defaultConfigurationIsVisible = 0;
		};
		4D3B845C1D052FBD00E123F6 /* Build configuration list for PBXNativeTarget "SwiftyBlurDemoUITests" */ = {
			isa = XCConfigurationList;
			buildConfigurations = (
				4D3B845D1D052FBD00E123F6 /* Debug */,
				4D3B845E1D052FBD00E123F6 /* Release */,
			);
			defaultConfigurationIsVisible = 0;
		};
/* End XCConfigurationList section */

/* Begin XCVersionGroup section */
		4D3B84351D052FBD00E123F6 /* SwiftyBlurDemo.xcdatamodeld */ = {
			isa = XCVersionGroup;
			children = (
				4D3B84361D052FBD00E123F6 /* SwiftyBlurDemo.xcdatamodel */,
			);
			currentVersion = 4D3B84361D052FBD00E123F6 /* SwiftyBlurDemo.xcdatamodel */;
			path = SwiftyBlurDemo.xcdatamodeld;
			sourceTree = "<group>";
			versionGroupType = wrapper.xcdatamodel;
		};
/* End XCVersionGroup section */
	};
	rootObject = 4D3B84231D052FBD00E123F6 /* Project object */;
}
